
Microsoft Visual Studio Solution File, Format Version 12.00
# Visual Studio 15
VisualStudioVersion = 15.0.27428.2037
MinimumVisualStudioVersion = 10.0.40219.1
Project("{FAE04EC0-301F-11D3-BF4B-00C04F79EFBC}") = "Scrum", "Scrum\Scrum.csproj", "{0121AE83-C5D6-4F4B-A31A-3DEC3F57F906}"
EndProject
Global
	GlobalSection(SolutionConfigurationPlatforms) = preSolution
		Debug|Any CPU = Debug|Any CPU
		Release|Any CPU = Release|Any CPU
	EndGlobalSection
	GlobalSection(ProjectConfigurationPlatforms) = postSolution
		{0121AE83-C5D6-4F4B-A31A-3DEC3F57F906}.Debug|Any CPU.ActiveCfg = Debug|Any CPU
		{0121AE83-C5D6-4F4B-A31A-3DEC3F57F906}.Debug|Any CPU.Build.0 = Debug|Any CPU
		{0121AE83-C5D6-4F4B-A31A-3DEC3F57F906}.Release|Any CPU.ActiveCfg = Release|Any CPU
		{0121AE83-C5D6-4F4B-A31A-3DEC3F57F906}.Release|Any CPU.Build.0 = Release|Any CPU
	EndGlobalSection
	GlobalSection(SolutionProperties) = preSolution
		HideSolutionNode = FALSE
	EndGlobalSection
	GlobalSection(ExtensibilityGlobals) = postSolution
		SolutionGuid = {D5698D94-571C-4DB4-BFB7-82EB2CBF4F21}
	EndGlobalSection
EndGlobal
